// !$*UTF8*$!
{
	archiveVersion = 1;
	classes = {
	};
	objectVersion = 46;
	objects = {

/* Begin PBXBuildFile section */
		149EACDE1E4B783C00E54BE0 /* UnescapeHTMLSpecialChars.framework in Frameworks */ = {isa = PBXBuildFile; fileRef = 149EACD41E4B783C00E54BE0 /* UnescapeHTMLSpecialChars.framework */; };
		149EACE31E4B783C00E54BE0 /* UnescapeHTMLSpecialCharsTests.swift in Sources */ = {isa = PBXBuildFile; fileRef = 149EACE21E4B783C00E54BE0 /* UnescapeHTMLSpecialCharsTests.swift */; };
		149EACE51E4B783C00E54BE0 /* UnescapeHTMLSpecialChars.h in Headers */ = {isa = PBXBuildFile; fileRef = 149EACD71E4B783C00E54BE0 /* UnescapeHTMLSpecialChars.h */; settings = {ATTRIBUTES = (Public, ); }; };
		149EACEF1E4B78D700E54BE0 /* UnescapeHTMLSpecialChars.swift in Sources */ = {isa = PBXBuildFile; fileRef = 149EACEE1E4B78D700E54BE0 /* UnescapeHTMLSpecialChars.swift */; };
		149EACF71E4B795500E54BE0 /* AppDelegate.swift in Sources */ = {isa = PBXBuildFile; fileRef = 149EACF61E4B795500E54BE0 /* AppDelegate.swift */; };
		149EACF91E4B795500E54BE0 /* ViewController.swift in Sources */ = {isa = PBXBuildFile; fileRef = 149EACF81E4B795500E54BE0 /* ViewController.swift */; };
		149EACFC1E4B795500E54BE0 /* Main.storyboard in Resources */ = {isa = PBXBuildFile; fileRef = 149EACFA1E4B795500E54BE0 /* Main.storyboard */; };
		149EACFE1E4B795500E54BE0 /* Assets.xcassets in Resources */ = {isa = PBXBuildFile; fileRef = 149EACFD1E4B795500E54BE0 /* Assets.xcassets */; };
		149EAD011E4B795500E54BE0 /* LaunchScreen.storyboard in Resources */ = {isa = PBXBuildFile; fileRef = 149EACFF1E4B795500E54BE0 /* LaunchScreen.storyboard */; };
		149EAD111E4B798F00E54BE0 /* GTMNSString+HTML.m in Sources */ = {isa = PBXBuildFile; fileRef = 149EAD101E4B798F00E54BE0 /* GTMNSString+HTML.m */; };
		149EAD121E4B798F00E54BE0 /* GTMNSString+HTML.m in Sources */ = {isa = PBXBuildFile; fileRef = 149EAD101E4B798F00E54BE0 /* GTMNSString+HTML.m */; };
		149EAD131E4B7A5100E54BE0 /* UnescapeHTMLSpecialChars.framework in Frameworks */ = {isa = PBXBuildFile; fileRef = 149EACD41E4B783C00E54BE0 /* UnescapeHTMLSpecialChars.framework */; };
		149EAD141E4B7A5100E54BE0 /* UnescapeHTMLSpecialChars.framework in Embed Frameworks */ = {isa = PBXBuildFile; fileRef = 149EACD41E4B783C00E54BE0 /* UnescapeHTMLSpecialChars.framework */; settings = {ATTRIBUTES = (CodeSignOnCopy, RemoveHeadersOnCopy, ); }; };
/* End PBXBuildFile section */

/* Begin PBXContainerItemProxy section */
		149EACDF1E4B783C00E54BE0 /* PBXContainerItemProxy */ = {
			isa = PBXContainerItemProxy;
			containerPortal = 149EACCB1E4B783C00E54BE0 /* Project object */;
			proxyType = 1;
			remoteGlobalIDString = 149EACD31E4B783C00E54BE0;
			remoteInfo = UnescapeHTMLSpecialChars;
		};
		149EAD151E4B7A5100E54BE0 /* PBXContainerItemProxy */ = {
			isa = PBXContainerItemProxy;
			containerPortal = 149EACCB1E4B783C00E54BE0 /* Project object */;
			proxyType = 1;
			remoteGlobalIDString = 149EACD31E4B783C00E54BE0;
			remoteInfo = UnescapeHTMLSpecialChars;
		};
/* End PBXContainerItemProxy section */

/* Begin PBXCopyFilesBuildPhase section */
		149EAD171E4B7A5100E54BE0 /* Embed Frameworks */ = {
			isa = PBXCopyFilesBuildPhase;
			buildActionMask = 2147483647;
			dstPath = "";
			dstSubfolderSpec = 10;
			files = (
				149EAD141E4B7A5100E54BE0 /* UnescapeHTMLSpecialChars.framework in Embed Frameworks */,
			);
			name = "Embed Frameworks";
			runOnlyForDeploymentPostprocessing = 0;
		};
/* End PBXCopyFilesBuildPhase section */

/* Begin PBXFileReference section */
		149EACD41E4B783C00E54BE0 /* UnescapeHTMLSpecialChars.framework */ = {isa = PBXFileReference; explicitFileType = wrapper.framework; includeInIndex = 0; path = UnescapeHTMLSpecialChars.framework; sourceTree = BUILT_PRODUCTS_DIR; };
		149EACD71E4B783C00E54BE0 /* UnescapeHTMLSpecialChars.h */ = {isa = PBXFileReference; lastKnownFileType = sourcecode.c.h; path = UnescapeHTMLSpecialChars.h; sourceTree = "<group>"; };
		149EACD81E4B783C00E54BE0 /* Info.plist */ = {isa = PBXFileReference; lastKnownFileType = text.plist.xml; path = Info.plist; sourceTree = "<group>"; };
		149EACDD1E4B783C00E54BE0 /* UnescapeHTMLSpecialCharsTests.xctest */ = {isa = PBXFileReference; explicitFileType = wrapper.cfbundle; includeInIndex = 0; path = UnescapeHTMLSpecialCharsTests.xctest; sourceTree = BUILT_PRODUCTS_DIR; };
		149EACE21E4B783C00E54BE0 /* UnescapeHTMLSpecialCharsTests.swift */ = {isa = PBXFileReference; lastKnownFileType = sourcecode.swift; path = UnescapeHTMLSpecialCharsTests.swift; sourceTree = "<group>"; };
		149EACE41E4B783C00E54BE0 /* Info.plist */ = {isa = PBXFileReference; lastKnownFileType = text.plist.xml; path = Info.plist; sourceTree = "<group>"; };
		149EACEE1E4B78D700E54BE0 /* UnescapeHTMLSpecialChars.swift */ = {isa = PBXFileReference; fileEncoding = 4; lastKnownFileType = sourcecode.swift; path = UnescapeHTMLSpecialChars.swift; sourceTree = "<group>"; };
		149EACF41E4B795500E54BE0 /* testHost.app */ = {isa = PBXFileReference; explicitFileType = wrapper.application; includeInIndex = 0; path = testHost.app; sourceTree = BUILT_PRODUCTS_DIR; };
		149EACF61E4B795500E54BE0 /* AppDelegate.swift */ = {isa = PBXFileReference; lastKnownFileType = sourcecode.swift; path = AppDelegate.swift; sourceTree = "<group>"; };
		149EACF81E4B795500E54BE0 /* ViewController.swift */ = {isa = PBXFileReference; lastKnownFileType = sourcecode.swift; path = ViewController.swift; sourceTree = "<group>"; };
		149EACFB1E4B795500E54BE0 /* Base */ = {isa = PBXFileReference; lastKnownFileType = file.storyboard; name = Base; path = Base.lproj/Main.storyboard; sourceTree = "<group>"; };
		149EACFD1E4B795500E54BE0 /* Assets.xcassets */ = {isa = PBXFileReference; lastKnownFileType = folder.assetcatalog; path = Assets.xcassets; sourceTree = "<group>"; };
		149EAD001E4B795500E54BE0 /* Base */ = {isa = PBXFileReference; lastKnownFileType = file.storyboard; name = Base; path = Base.lproj/LaunchScreen.storyboard; sourceTree = "<group>"; };
		149EAD021E4B795500E54BE0 /* Info.plist */ = {isa = PBXFileReference; lastKnownFileType = text.plist.xml; path = Info.plist; sourceTree = "<group>"; };
		149EAD0C1E4B798E00E54BE0 /* UnescapeHTMLSpecialCharsTests-Bridging-Header.h */ = {isa = PBXFileReference; lastKnownFileType = sourcecode.c.h; path = "UnescapeHTMLSpecialCharsTests-Bridging-Header.h"; sourceTree = "<group>"; };
		149EAD0D1E4B798E00E54BE0 /* testHost-Bridging-Header.h */ = {isa = PBXFileReference; lastKnownFileType = sourcecode.c.h; path = "testHost-Bridging-Header.h"; sourceTree = "<group>"; };
		149EAD0E1E4B798F00E54BE0 /* GTMDefines.h */ = {isa = PBXFileReference; fileEncoding = 4; lastKnownFileType = sourcecode.c.h; path = GTMDefines.h; sourceTree = "<group>"; };
		149EAD0F1E4B798F00E54BE0 /* GTMNSString+HTML.h */ = {isa = PBXFileReference; fileEncoding = 4; lastKnownFileType = sourcecode.c.h; path = "GTMNSString+HTML.h"; sourceTree = "<group>"; };
		149EAD101E4B798F00E54BE0 /* GTMNSString+HTML.m */ = {isa = PBXFileReference; fileEncoding = 4; lastKnownFileType = sourcecode.c.objc; path = "GTMNSString+HTML.m"; sourceTree = "<group>"; };
/* End PBXFileReference section */

/* Begin PBXFrameworksBuildPhase section */
		149EACD01E4B783C00E54BE0 /* Frameworks */ = {
			isa = PBXFrameworksBuildPhase;
			buildActionMask = 2147483647;
			files = (
			);
			runOnlyForDeploymentPostprocessing = 0;
		};
		149EACDA1E4B783C00E54BE0 /* Frameworks */ = {
			isa = PBXFrameworksBuildPhase;
			buildActionMask = 2147483647;
			files = (
				149EACDE1E4B783C00E54BE0 /* UnescapeHTMLSpecialChars.framework in Frameworks */,
			);
			runOnlyForDeploymentPostprocessing = 0;
		};
		149EACF11E4B795500E54BE0 /* Frameworks */ = {
			isa = PBXFrameworksBuildPhase;
			buildActionMask = 2147483647;
			files = (
				149EAD131E4B7A5100E54BE0 /* UnescapeHTMLSpecialChars.framework in Frameworks */,
			);
			runOnlyForDeploymentPostprocessing = 0;
		};
/* End PBXFrameworksBuildPhase section */

/* Begin PBXGroup section */
		149EACCA1E4B783C00E54BE0 = {
			isa = PBXGroup;
			children = (
				149EACD61E4B783C00E54BE0 /* UnescapeHTMLSpecialChars */,
				149EACE11E4B783C00E54BE0 /* UnescapeHTMLSpecialCharsTests */,
				149EACF51E4B795500E54BE0 /* testHost */,
				149EACD51E4B783C00E54BE0 /* Products */,
			);
			sourceTree = "<group>";
		};
		149EACD51E4B783C00E54BE0 /* Products */ = {
			isa = PBXGroup;
			children = (
				149EACD41E4B783C00E54BE0 /* UnescapeHTMLSpecialChars.framework */,
				149EACDD1E4B783C00E54BE0 /* UnescapeHTMLSpecialCharsTests.xctest */,
				149EACF41E4B795500E54BE0 /* testHost.app */,
			);
			name = Products;
			sourceTree = "<group>";
		};
		149EACD61E4B783C00E54BE0 /* UnescapeHTMLSpecialChars */ = {
			isa = PBXGroup;
			children = (
				149EACEE1E4B78D700E54BE0 /* UnescapeHTMLSpecialChars.swift */,
				149EACD71E4B783C00E54BE0 /* UnescapeHTMLSpecialChars.h */,
				149EACD81E4B783C00E54BE0 /* Info.plist */,
			);
			path = UnescapeHTMLSpecialChars;
			sourceTree = "<group>";
		};
		149EACE11E4B783C00E54BE0 /* UnescapeHTMLSpecialCharsTests */ = {
			isa = PBXGroup;
			children = (
				149EAD0E1E4B798F00E54BE0 /* GTMDefines.h */,
				149EAD0F1E4B798F00E54BE0 /* GTMNSString+HTML.h */,
				149EAD101E4B798F00E54BE0 /* GTMNSString+HTML.m */,
				149EACE21E4B783C00E54BE0 /* UnescapeHTMLSpecialCharsTests.swift */,
				149EACE41E4B783C00E54BE0 /* Info.plist */,
				149EAD0C1E4B798E00E54BE0 /* UnescapeHTMLSpecialCharsTests-Bridging-Header.h */,
				149EAD0D1E4B798E00E54BE0 /* testHost-Bridging-Header.h */,
			);
			path = UnescapeHTMLSpecialCharsTests;
			sourceTree = "<group>";
		};
		149EACF51E4B795500E54BE0 /* testHost */ = {
			isa = PBXGroup;
			children = (
				149EACF61E4B795500E54BE0 /* AppDelegate.swift */,
				149EACF81E4B795500E54BE0 /* ViewController.swift */,
				149EACFA1E4B795500E54BE0 /* Main.storyboard */,
				149EACFD1E4B795500E54BE0 /* Assets.xcassets */,
				149EACFF1E4B795500E54BE0 /* LaunchScreen.storyboard */,
				149EAD021E4B795500E54BE0 /* Info.plist */,
			);
			path = testHost;
			sourceTree = "<group>";
		};
/* End PBXGroup section */

/* Begin PBXHeadersBuildPhase section */
		149EACD11E4B783C00E54BE0 /* Headers */ = {
			isa = PBXHeadersBuildPhase;
			buildActionMask = 2147483647;
			files = (
				149EACE51E4B783C00E54BE0 /* UnescapeHTMLSpecialChars.h in Headers */,
			);
			runOnlyForDeploymentPostprocessing = 0;
		};
/* End PBXHeadersBuildPhase section */

/* Begin PBXNativeTarget section */
		149EACD31E4B783C00E54BE0 /* UnescapeHTMLSpecialChars */ = {
			isa = PBXNativeTarget;
			buildConfigurationList = 149EACE81E4B783C00E54BE0 /* Build configuration list for PBXNativeTarget "UnescapeHTMLSpecialChars" */;
			buildPhases = (
				149EACCF1E4B783C00E54BE0 /* Sources */,
				149EACD01E4B783C00E54BE0 /* Frameworks */,
				149EACD11E4B783C00E54BE0 /* Headers */,
				149EACD21E4B783C00E54BE0 /* Resources */,
			);
			buildRules = (
			);
			dependencies = (
			);
			name = UnescapeHTMLSpecialChars;
			productName = UnescapeHTMLSpecialChars;
			productReference = 149EACD41E4B783C00E54BE0 /* UnescapeHTMLSpecialChars.framework */;
			productType = "com.apple.product-type.framework";
		};
		149EACDC1E4B783C00E54BE0 /* UnescapeHTMLSpecialCharsTests */ = {
			isa = PBXNativeTarget;
			buildConfigurationList = 149EACEB1E4B783C00E54BE0 /* Build configuration list for PBXNativeTarget "UnescapeHTMLSpecialCharsTests" */;
			buildPhases = (
				149EACD91E4B783C00E54BE0 /* Sources */,
				149EACDA1E4B783C00E54BE0 /* Frameworks */,
				149EACDB1E4B783C00E54BE0 /* Resources */,
			);
			buildRules = (
			);
			dependencies = (
				149EACE01E4B783C00E54BE0 /* PBXTargetDependency */,
			);
			name = UnescapeHTMLSpecialCharsTests;
			productName = UnescapeHTMLSpecialCharsTests;
			productReference = 149EACDD1E4B783C00E54BE0 /* UnescapeHTMLSpecialCharsTests.xctest */;
			productType = "com.apple.product-type.bundle.unit-test";
		};
		149EACF31E4B795500E54BE0 /* testHost */ = {
			isa = PBXNativeTarget;
			buildConfigurationList = 149EAD031E4B795500E54BE0 /* Build configuration list for PBXNativeTarget "testHost" */;
			buildPhases = (
				149EACF01E4B795500E54BE0 /* Sources */,
				149EACF11E4B795500E54BE0 /* Frameworks */,
				149EACF21E4B795500E54BE0 /* Resources */,
				149EAD171E4B7A5100E54BE0 /* Embed Frameworks */,
			);
			buildRules = (
			);
			dependencies = (
				149EAD161E4B7A5100E54BE0 /* PBXTargetDependency */,
			);
			name = testHost;
			productName = testHost;
			productReference = 149EACF41E4B795500E54BE0 /* testHost.app */;
			productType = "com.apple.product-type.application";
		};
/* End PBXNativeTarget section */

/* Begin PBXProject section */
		149EACCB1E4B783C00E54BE0 /* Project object */ = {
			isa = PBXProject;
			attributes = {
				LastSwiftUpdateCheck = 0820;
				LastUpgradeCheck = 0820;
				ORGANIZATIONNAME = sonson;
				TargetAttributes = {
					149EACD31E4B783C00E54BE0 = {
						CreatedOnToolsVersion = 8.2;
						DevelopmentTeam = JP866VWWSD;
						LastSwiftMigration = 0820;
						ProvisioningStyle = Automatic;
					};
					149EACDC1E4B783C00E54BE0 = {
						CreatedOnToolsVersion = 8.2;
						DevelopmentTeam = JP866VWWSD;
						LastSwiftMigration = 0820;
						ProvisioningStyle = Automatic;
					};
					149EACF31E4B795500E54BE0 = {
						CreatedOnToolsVersion = 8.2;
						DevelopmentTeam = JP866VWWSD;
						LastSwiftMigration = 0820;
						ProvisioningStyle = Automatic;
					};
				};
			};
			buildConfigurationList = 149EACCE1E4B783C00E54BE0 /* Build configuration list for PBXProject "UnescapeHTMLSpecialChars" */;
			compatibilityVersion = "Xcode 3.2";
			developmentRegion = English;
			hasScannedForEncodings = 0;
			knownRegions = (
				en,
				Base,
			);
			mainGroup = 149EACCA1E4B783C00E54BE0;
			productRefGroup = 149EACD51E4B783C00E54BE0 /* Products */;
			projectDirPath = "";
			projectRoot = "";
			targets = (
				149EACD31E4B783C00E54BE0 /* UnescapeHTMLSpecialChars */,
				149EACDC1E4B783C00E54BE0 /* UnescapeHTMLSpecialCharsTests */,
				149EACF31E4B795500E54BE0 /* testHost */,
			);
		};
/* End PBXProject section */

/* Begin PBXResourcesBuildPhase section */
		149EACD21E4B783C00E54BE0 /* Resources */ = {
			isa = PBXResourcesBuildPhase;
			buildActionMask = 2147483647;
			files = (
			);
			runOnlyForDeploymentPostprocessing = 0;
		};
		149EACDB1E4B783C00E54BE0 /* Resources */ = {
			isa = PBXResourcesBuildPhase;
			buildActionMask = 2147483647;
			files = (
			);
			runOnlyForDeploymentPostprocessing = 0;
		};
		149EACF21E4B795500E54BE0 /* Resources */ = {
			isa = PBXResourcesBuildPhase;
			buildActionMask = 2147483647;
			files = (
				149EAD011E4B795500E54BE0 /* LaunchScreen.storyboard in Resources */,
				149EACFE1E4B795500E54BE0 /* Assets.xcassets in Resources */,
				149EACFC1E4B795500E54BE0 /* Main.storyboard in Resources */,
			);
			runOnlyForDeploymentPostprocessing = 0;
		};
/* End PBXResourcesBuildPhase section */

/* Begin PBXSourcesBuildPhase section */
		149EACCF1E4B783C00E54BE0 /* Sources */ = {
			isa = PBXSourcesBuildPhase;
			buildActionMask = 2147483647;
			files = (
				149EACEF1E4B78D700E54BE0 /* UnescapeHTMLSpecialChars.swift in Sources */,
			);
			runOnlyForDeploymentPostprocessing = 0;
		};
		149EACD91E4B783C00E54BE0 /* Sources */ = {
			isa = PBXSourcesBuildPhase;
			buildActionMask = 2147483647;
			files = (
				149EACE31E4B783C00E54BE0 /* UnescapeHTMLSpecialCharsTests.swift in Sources */,
				149EAD111E4B798F00E54BE0 /* GTMNSString+HTML.m in Sources */,
			);
			runOnlyForDeploymentPostprocessing = 0;
		};
		149EACF01E4B795500E54BE0 /* Sources */ = {
			isa = PBXSourcesBuildPhase;
			buildActionMask = 2147483647;
			files = (
				149EACF91E4B795500E54BE0 /* ViewController.swift in Sources */,
				149EACF71E4B795500E54BE0 /* AppDelegate.swift in Sources */,
				149EAD121E4B798F00E54BE0 /* GTMNSString+HTML.m in Sources */,
			);
			runOnlyForDeploymentPostprocessing = 0;
		};
/* End PBXSourcesBuildPhase section */

/* Begin PBXTargetDependency section */
		149EACE01E4B783C00E54BE0 /* PBXTargetDependency */ = {
			isa = PBXTargetDependency;
			target = 149EACD31E4B783C00E54BE0 /* UnescapeHTMLSpecialChars */;
			targetProxy = 149EACDF1E4B783C00E54BE0 /* PBXContainerItemProxy */;
		};
		149EAD161E4B7A5100E54BE0 /* PBXTargetDependency */ = {
			isa = PBXTargetDependency;
			target = 149EACD31E4B783C00E54BE0 /* UnescapeHTMLSpecialChars */;
			targetProxy = 149EAD151E4B7A5100E54BE0 /* PBXContainerItemProxy */;
		};
/* End PBXTargetDependency section */

/* Begin PBXVariantGroup section */
		149EACFA1E4B795500E54BE0 /* Main.storyboard */ = {
			isa = PBXVariantGroup;
			children = (
				149EACFB1E4B795500E54BE0 /* Base */,
			);
			name = Main.storyboard;
			sourceTree = "<group>";
		};
		149EACFF1E4B795500E54BE0 /* LaunchScreen.storyboard */ = {
			isa = PBXVariantGroup;
			children = (
				149EAD001E4B795500E54BE0 /* Base */,
			);
			name = LaunchScreen.storyboard;
			sourceTree = "<group>";
		};
/* End PBXVariantGroup section */

/* Begin XCBuildConfiguration section */
		149EACE61E4B783C00E54BE0 /* Debug */ = {
			isa = XCBuildConfiguration;
			buildSettings = {
				ALWAYS_SEARCH_USER_PATHS = NO;
				CLANG_ANALYZER_NONNULL = YES;
				CLANG_CXX_LANGUAGE_STANDARD = "gnu++0x";
				CLANG_CXX_LIBRARY = "libc++";
				CLANG_ENABLE_MODULES = YES;
				CLANG_ENABLE_OBJC_ARC = YES;
				CLANG_WARN_BOOL_CONVERSION = YES;
				CLANG_WARN_CONSTANT_CONVERSION = YES;
				CLANG_WARN_DIRECT_OBJC_ISA_USAGE = YES_ERROR;
				CLANG_WARN_DOCUMENTATION_COMMENTS = YES;
				CLANG_WARN_EMPTY_BODY = YES;
				CLANG_WARN_ENUM_CONVERSION = YES;
				CLANG_WARN_INFINITE_RECURSION = YES;
				CLANG_WARN_INT_CONVERSION = YES;
				CLANG_WARN_OBJC_ROOT_CLASS = YES_ERROR;
				CLANG_WARN_SUSPICIOUS_MOVE = YES;
				CLANG_WARN_UNREACHABLE_CODE = YES;
				CLANG_WARN__DUPLICATE_METHOD_MATCH = YES;
				"CODE_SIGN_IDENTITY[sdk=iphoneos*]" = "iPhone Developer";
				COPY_PHASE_STRIP = NO;
				CURRENT_PROJECT_VERSION = 1;
				DEBUG_INFORMATION_FORMAT = dwarf;
				ENABLE_STRICT_OBJC_MSGSEND = YES;
				ENABLE_TESTABILITY = YES;
				GCC_C_LANGUAGE_STANDARD = gnu99;
				GCC_DYNAMIC_NO_PIC = NO;
				GCC_NO_COMMON_BLOCKS = YES;
				GCC_OPTIMIZATION_LEVEL = 0;
				GCC_PREPROCESSOR_DEFINITIONS = (
					"DEBUG=1",
					"$(inherited)",
				);
				GCC_WARN_64_TO_32_BIT_CONVERSION = YES;
				GCC_WARN_ABOUT_RETURN_TYPE = YES_ERROR;
				GCC_WARN_UNDECLARED_SELECTOR = YES;
				GCC_WARN_UNINITIALIZED_AUTOS = YES_AGGRESSIVE;
				GCC_WARN_UNUSED_FUNCTION = YES;
				GCC_WARN_UNUSED_VARIABLE = YES;
				IPHONEOS_DEPLOYMENT_TARGET = 10.2;
				MTL_ENABLE_DEBUG_INFO = YES;
				ONLY_ACTIVE_ARCH = YES;
				SDKROOT = iphoneos;
				SWIFT_ACTIVE_COMPILATION_CONDITIONS = DEBUG;
				SWIFT_OPTIMIZATION_LEVEL = "-Onone";
				TARGETED_DEVICE_FAMILY = "1,2";
				VERSIONING_SYSTEM = "apple-generic";
				VERSION_INFO_PREFIX = "";
			};
			name = Debug;
		};
		149EACE71E4B783C00E54BE0 /* Release */ = {
			isa = XCBuildConfiguration;
			buildSettings = {
				ALWAYS_SEARCH_USER_PATHS = NO;
				CLANG_ANALYZER_NONNULL = YES;
				CLANG_CXX_LANGUAGE_STANDARD = "gnu++0x";
				CLANG_CXX_LIBRARY = "libc++";
				CLANG_ENABLE_MODULES = YES;
				CLANG_ENABLE_OBJC_ARC = YES;
				CLANG_WARN_BOOL_CONVERSION = YES;
				CLANG_WARN_CONSTANT_CONVERSION = YES;
				CLANG_WARN_DIRECT_OBJC_ISA_USAGE = YES_ERROR;
				CLANG_WARN_DOCUMENTATION_COMMENTS = YES;
				CLANG_WARN_EMPTY_BODY = YES;
				CLANG_WARN_ENUM_CONVERSION = YES;
				CLANG_WARN_INFINITE_RECURSION = YES;
				CLANG_WARN_INT_CONVERSION = YES;
				CLANG_WARN_OBJC_ROOT_CLASS = YES_ERROR;
				CLANG_WARN_SUSPICIOUS_MOVE = YES;
				CLANG_WARN_UNREACHABLE_CODE = YES;
				CLANG_WARN__DUPLICATE_METHOD_MATCH = YES;
				"CODE_SIGN_IDENTITY[sdk=iphoneos*]" = "iPhone Developer";
				COPY_PHASE_STRIP = NO;
				CURRENT_PROJECT_VERSION = 1;
				DEBUG_INFORMATION_FORMAT = "dwarf-with-dsym";
				ENABLE_NS_ASSERTIONS = NO;
				ENABLE_STRICT_OBJC_MSGSEND = YES;
				GCC_C_LANGUAGE_STANDARD = gnu99;
				GCC_NO_COMMON_BLOCKS = YES;
				GCC_WARN_64_TO_32_BIT_CONVERSION = YES;
				GCC_WARN_ABOUT_RETURN_TYPE = YES_ERROR;
				GCC_WARN_UNDECLARED_SELECTOR = YES;
				GCC_WARN_UNINITIALIZED_AUTOS = YES_AGGRESSIVE;
				GCC_WARN_UNUSED_FUNCTION = YES;
				GCC_WARN_UNUSED_VARIABLE = YES;
				IPHONEOS_DEPLOYMENT_TARGET = 10.2;
				MTL_ENABLE_DEBUG_INFO = NO;
				SDKROOT = iphoneos;
				SWIFT_OPTIMIZATION_LEVEL = "-Owholemodule";
				TARGETED_DEVICE_FAMILY = "1,2";
				VALIDATE_PRODUCT = YES;
				VERSIONING_SYSTEM = "apple-generic";
				VERSION_INFO_PREFIX = "";
			};
			name = Release;
		};
		149EACE91E4B783C00E54BE0 /* Debug */ = {
			isa = XCBuildConfiguration;
			buildSettings = {
				CLANG_ENABLE_MODULES = YES;
				CODE_SIGN_IDENTITY = "";
				DEFINES_MODULE = YES;
				DEVELOPMENT_TEAM = JP866VWWSD;
				DYLIB_COMPATIBILITY_VERSION = 1;
				DYLIB_CURRENT_VERSION = 1;
				DYLIB_INSTALL_NAME_BASE = "@rpath";
				INFOPLIST_FILE = UnescapeHTMLSpecialChars/Info.plist;
				INSTALL_PATH = "$(LOCAL_LIBRARY_DIR)/Frameworks";
				LD_RUNPATH_SEARCH_PATHS = "$(inherited) @executable_path/Frameworks @loader_path/Frameworks";
				PRODUCT_BUNDLE_IDENTIFIER = com.sonson.UnescapeHTMLSpecialChars;
				PRODUCT_NAME = "$(TARGET_NAME)";
				SKIP_INSTALL = YES;
				SWIFT_OPTIMIZATION_LEVEL = "-Onone";
				SWIFT_VERSION = 3.0;
			};
			name = Debug;
		};
		149EACEA1E4B783C00E54BE0 /* Release */ = {
			isa = XCBuildConfiguration;
			buildSettings = {
				CLANG_ENABLE_MODULES = YES;
				CODE_SIGN_IDENTITY = "";
				DEFINES_MODULE = YES;
				DEVELOPMENT_TEAM = JP866VWWSD;
				DYLIB_COMPATIBILITY_VERSION = 1;
				DYLIB_CURRENT_VERSION = 1;
				DYLIB_INSTALL_NAME_BASE = "@rpath";
				INFOPLIST_FILE = UnescapeHTMLSpecialChars/Info.plist;
				INSTALL_PATH = "$(LOCAL_LIBRARY_DIR)/Frameworks";
				LD_RUNPATH_SEARCH_PATHS = "$(inherited) @executable_path/Frameworks @loader_path/Frameworks";
				PRODUCT_BUNDLE_IDENTIFIER = com.sonson.UnescapeHTMLSpecialChars;
				PRODUCT_NAME = "$(TARGET_NAME)";
				SKIP_INSTALL = YES;
				SWIFT_VERSION = 3.0;
			};
			name = Release;
		};
		149EACEC1E4B783C00E54BE0 /* Debug */ = {
			isa = XCBuildConfiguration;
			buildSettings = {
				ALWAYS_EMBED_SWIFT_STANDARD_LIBRARIES = YES;
				CLANG_ENABLE_MODULES = YES;
				DEVELOPMENT_TEAM = JP866VWWSD;
				INFOPLIST_FILE = UnescapeHTMLSpecialCharsTests/Info.plist;
				LD_RUNPATH_SEARCH_PATHS = "$(inherited) @executable_path/Frameworks @loader_path/Frameworks";
				PRODUCT_BUNDLE_IDENTIFIER = com.sonson.UnescapeHTMLSpecialCharsTests;
				PRODUCT_NAME = "$(TARGET_NAME)";
				SWIFT_OBJC_BRIDGING_HEADER = "UnescapeHTMLSpecialCharsTests/UnescapeHTMLSpecialCharsTests-Bridging-Header.h";
				SWIFT_OPTIMIZATION_LEVEL = "-Onone";
				SWIFT_VERSION = 3.0;
			};
			name = Debug;
		};
		149EACED1E4B783C00E54BE0 /* Release */ = {
			isa = XCBuildConfiguration;
			buildSettings = {
				ALWAYS_EMBED_SWIFT_STANDARD_LIBRARIES = YES;
				CLANG_ENABLE_MODULES = YES;
				DEVELOPMENT_TEAM = JP866VWWSD;
				INFOPLIST_FILE = UnescapeHTMLSpecialCharsTests/Info.plist;
				LD_RUNPATH_SEARCH_PATHS = "$(inherited) @executable_path/Frameworks @loader_path/Frameworks";
				PRODUCT_BUNDLE_IDENTIFIER = com.sonson.UnescapeHTMLSpecialCharsTests;
				PRODUCT_NAME = "$(TARGET_NAME)";
				SWIFT_OBJC_BRIDGING_HEADER = "UnescapeHTMLSpecialCharsTests/UnescapeHTMLSpecialCharsTests-Bridging-Header.h";
				SWIFT_VERSION = 3.0;
			};
			name = Release;
		};
		149EAD041E4B795500E54BE0 /* Debug */ = {
			isa = XCBuildConfiguration;
			buildSettings = {
				ALWAYS_EMBED_SWIFT_STANDARD_LIBRARIES = YES;
				ASSETCATALOG_COMPILER_APPICON_NAME = AppIcon;
				CLANG_ENABLE_MODULES = YES;
				DEVELOPMENT_TEAM = JP866VWWSD;
				INFOPLIST_FILE = testHost/Info.plist;
				LD_RUNPATH_SEARCH_PATHS = "$(inherited) @executable_path/Frameworks";
				PRODUCT_BUNDLE_IDENTIFIER = com.sonson.testHost;
				PRODUCT_NAME = "$(TARGET_NAME)";
				SWIFT_OBJC_BRIDGING_HEADER = "UnescapeHTMLSpecialCharsTests/testHost-Bridging-Header.h";
				SWIFT_OPTIMIZATION_LEVEL = "-Onone";
				SWIFT_VERSION = 3.0;
			};
			name = Debug;
		};
		149EAD051E4B795500E54BE0 /* Release */ = {
			isa = XCBuildConfiguration;
			buildSettings = {
				ALWAYS_EMBED_SWIFT_STANDARD_LIBRARIES = YES;
				ASSETCATALOG_COMPILER_APPICON_NAME = AppIcon;
				CLANG_ENABLE_MODULES = YES;
				DEVELOPMENT_TEAM = JP866VWWSD;
				INFOPLIST_FILE = testHost/Info.plist;
				LD_RUNPATH_SEARCH_PATHS = "$(inherited) @executable_path/Frameworks";
				PRODUCT_BUNDLE_IDENTIFIER = com.sonson.testHost;
				PRODUCT_NAME = "$(TARGET_NAME)";
				SWIFT_OBJC_BRIDGING_HEADER = "UnescapeHTMLSpecialCharsTests/testHost-Bridging-Header.h";
				SWIFT_VERSION = 3.0;
			};
			name = Release;
		};
/* End XCBuildConfiguration section */

/* Begin XCConfigurationList section */
		149EACCE1E4B783C00E54BE0 /* Build configuration list for PBXProject "UnescapeHTMLSpecialChars" */ = {
			isa = XCConfigurationList;
			buildConfigurations = (
				149EACE61E4B783C00E54BE0 /* Debug */,
				149EACE71E4B783C00E54BE0 /* Release */,
			);
			defaultConfigurationIsVisible = 0;
			defaultConfigurationName = Release;
		};
		149EACE81E4B783C00E54BE0 /* Build configuration list for PBXNativeTarget "UnescapeHTMLSpecialChars" */ = {
			isa = XCConfigurationList;
			buildConfigurations = (
				149EACE91E4B783C00E54BE0 /* Debug */,
				149EACEA1E4B783C00E54BE0 /* Release */,
			);
			defaultConfigurationIsVisible = 0;
		};
		149EACEB1E4B783C00E54BE0 /* Build configuration list for PBXNativeTarget "UnescapeHTMLSpecialCharsTests" */ = {
			isa = XCConfigurationList;
			buildConfigurations = (
				149EACEC1E4B783C00E54BE0 /* Debug */,
				149EACED1E4B783C00E54BE0 /* Release */,
			);
			defaultConfigurationIsVisible = 0;
		};
		149EAD031E4B795500E54BE0 /* Build configuration list for PBXNativeTarget "testHost" */ = {
			isa = XCConfigurationList;
			buildConfigurations = (
				149EAD041E4B795500E54BE0 /* Debug */,
				149EAD051E4B795500E54BE0 /* Release */,
			);
			defaultConfigurationIsVisible = 0;
		};
/* End XCConfigurationList section */
	};
	rootObject = 149EACCB1E4B783C00E54BE0 /* Project object */;
}
